
Microsoft Visual Studio Solution File, Format Version 12.00
# Visual Studio Version 17
VisualStudioVersion = 17.1.32319.34
MinimumVisualStudioVersion = 10.0.40219.1
Project("{FAE04EC0-301F-11D3-BF4B-00C04F79EFBC}") = "GitCli", "GitCli\GitCli.csproj", "{46DA301A-259E-4787-918E-D1C996D55E01}"
EndProject
Global
	GlobalSection(SolutionConfigurationPlatforms) = preSolution
		Debug|Any CPU = Debug|Any CPU
		Release|Any CPU = Release|Any CPU
	EndGlobalSection
	GlobalSection(ProjectConfigurationPlatforms) = postSolution
		{46DA301A-259E-4787-918E-D1C996D55E01}.Debug|Any CPU.ActiveCfg = Debug|Any CPU
		{46DA301A-259E-4787-918E-D1C996D55E01}.Debug|Any CPU.Build.0 = Debug|Any CPU
		{46DA301A-259E-4787-918E-D1C996D55E01}.Release|Any CPU.ActiveCfg = Release|Any CPU
		{46DA301A-259E-4787-918E-D1C996D55E01}.Release|Any CPU.Build.0 = Release|Any CPU
	EndGlobalSection
	GlobalSection(SolutionProperties) = preSolution
		HideSolutionNode = FALSE
	EndGlobalSection
	GlobalSection(ExtensibilityGlobals) = postSolution
		SolutionGuid = {10A25F07-A032-457A-B9F1-84B9DB24F199}
	EndGlobalSection
EndGlobal
